
Microsoft Visual Studio Solution File, Format Version 12.00
# Visual Studio Version 16
VisualStudioVersion = 16.0.31424.327
MinimumVisualStudioVersion = 10.0.40219.1
Project("{9A19103F-16F7-4668-BE54-9A1E7A4F7556}") = "Modele", "..\Modele\Modele.csproj", "{DA71F15A-8353-47CE-B0B0-A8CAD3918C98}"
EndProject
Project("{2150E333-8FDC-42A3-9474-1A3956D46DE8}") = "Tests", "Tests", "{EC378EA8-C6E6-4A17-86FE-9FD29B9CD4B4}"
EndProject
Project("{2150E333-8FDC-42A3-9474-1A3956D46DE8}") = "Test_Humain", "Test_Humain", "{798E77F3-D3C4-4853-9496-48F5761C384C}"
EndProject
Project("{2150E333-8FDC-42A3-9474-1A3956D46DE8}") = "Test_Semestre", "Test_Semestre", "{B2EFDD91-8F1E-4AE3-ADDA-F38F79E4B3DB}"
EndProject
Project("{2150E333-8FDC-42A3-9474-1A3956D46DE8}") = "Test_Classe-Cour", "Test_Classe-Cour", "{C733D636-C0E8-479B-8A30-B9E6261AAB0F}"
EndProject
Project("{9A19103F-16F7-4668-BE54-9A1E7A4F7556}") = "TestUnit", "..\Tests\TestUnit\TestUnit.csproj", "{69FEB7EA-AAFF-4597-986C-DFE2CB977107}"
EndProject
Project("{2150E333-8FDC-42A3-9474-1A3956D46DE8}") = "Test_Manager", "Test_Manager", "{6201FD98-6B55-4C4E-A778-4DCBD7D91691}"
EndProject
Project("{9A19103F-16F7-4668-BE54-9A1E7A4F7556}") = "Test_Manager", "..\Tests\Test_Manager\Test_Manager\Test_Manager.csproj", "{2F3B6298-488E-4F1D-B82D-A20FA9C16F31}"
EndProject
Project("{9A19103F-16F7-4668-BE54-9A1E7A4F7556}") = "Test_Matière", "..\Tests\Test_Semestre\Test_Matière\Test_Matière.csproj", "{03532484-DA99-4FC1-B49C-CD1D9DD5179E}"
EndProject
Project("{9A19103F-16F7-4668-BE54-9A1E7A4F7556}") = "Test_Ressource", "..\Tests\Test_Semestre\Test_Ressource\Test_Ressource.csproj", "{2F03D0EC-67EE-4C6C-B483-26E570CF5F72}"
EndProject
Project("{9A19103F-16F7-4668-BE54-9A1E7A4F7556}") = "Test_UE", "..\Tests\Test_Semestre\Test_UE\Test_UE.csproj", "{92696A03-404A-4E05-B88A-1B288AD837C9}"
EndProject
Project("{9A19103F-16F7-4668-BE54-9A1E7A4F7556}") = "Test_Etudiant", "..\Tests\Test_Humain\Test_Etudiant\Test_Etudiant.csproj", "{B1BEB797-5407-49D4-9F99-0711D8089BD8}"
EndProject
Project("{9A19103F-16F7-4668-BE54-9A1E7A4F7556}") = "Test_Professeur", "..\Tests\Test_Humain\Test_Professeur\Test_Professeur.csproj", "{14557B4C-95A2-4166-A26A-23470715189A}"
EndProject
Project("{9A19103F-16F7-4668-BE54-9A1E7A4F7556}") = "Test_Classe", "..\Tests\Test_Classe-Cour\Test_Classe\Test_Classe.csproj", "{3B1B18FC-7C91-41F6-8310-0C0949B056AF}"
EndProject
Project("{9A19103F-16F7-4668-BE54-9A1E7A4F7556}") = "OdeuxXaml", "OdeuxXaml.csproj", "{7DB7438F-E835-4760-A133-D18B9AF9FD60}"
EndProject
Project("{9A19103F-16F7-4668-BE54-9A1E7A4F7556}") = "Stub", "..\Stub\Stub.csproj", "{5302D79C-B544-4094-BC5F-D1394FF4CDFA}"
EndProject
Project("{FAE04EC0-301F-11D3-BF4B-00C04F79EFBC}") = "DataContractPersistance", "..\DataContractPersistance\DataContractPersistance.csproj", "{9EB7E582-B348-48BB-A336-3935CC445FAF}"
EndProject
Project("{FAE04EC0-301F-11D3-BF4B-00C04F79EFBC}") = "Test_DataContract", "..\Test_DataContract\Test_DataContract.csproj", "{F35B1826-98C0-4752-BF69-FFA8A6A94F97}"
EndProject
Global
	GlobalSection(SolutionConfigurationPlatforms) = preSolution
		Debug|Any CPU = Debug|Any CPU
		Release|Any CPU = Release|Any CPU
	EndGlobalSection
	GlobalSection(ProjectConfigurationPlatforms) = postSolution
		{DA71F15A-8353-47CE-B0B0-A8CAD3918C98}.Debug|Any CPU.ActiveCfg = Debug|Any CPU
		{DA71F15A-8353-47CE-B0B0-A8CAD3918C98}.Debug|Any CPU.Build.0 = Debug|Any CPU
		{DA71F15A-8353-47CE-B0B0-A8CAD3918C98}.Release|Any CPU.ActiveCfg = Release|Any CPU
		{DA71F15A-8353-47CE-B0B0-A8CAD3918C98}.Release|Any CPU.Build.0 = Release|Any CPU
		{69FEB7EA-AAFF-4597-986C-DFE2CB977107}.Debug|Any CPU.ActiveCfg = Debug|Any CPU
		{69FEB7EA-AAFF-4597-986C-DFE2CB977107}.Debug|Any CPU.Build.0 = Debug|Any CPU
		{69FEB7EA-AAFF-4597-986C-DFE2CB977107}.Release|Any CPU.ActiveCfg = Release|Any CPU
		{69FEB7EA-AAFF-4597-986C-DFE2CB977107}.Release|Any CPU.Build.0 = Release|Any CPU
		{2F3B6298-488E-4F1D-B82D-A20FA9C16F31}.Debug|Any CPU.ActiveCfg = Debug|Any CPU
		{2F3B6298-488E-4F1D-B82D-A20FA9C16F31}.Debug|Any CPU.Build.0 = Debug|Any CPU
		{2F3B6298-488E-4F1D-B82D-A20FA9C16F31}.Release|Any CPU.ActiveCfg = Release|Any CPU
		{2F3B6298-488E-4F1D-B82D-A20FA9C16F31}.Release|Any CPU.Build.0 = Release|Any CPU
		{03532484-DA99-4FC1-B49C-CD1D9DD5179E}.Debug|Any CPU.ActiveCfg = Debug|Any CPU
		{03532484-DA99-4FC1-B49C-CD1D9DD5179E}.Debug|Any CPU.Build.0 = Debug|Any CPU
		{03532484-DA99-4FC1-B49C-CD1D9DD5179E}.Release|Any CPU.ActiveCfg = Release|Any CPU
		{03532484-DA99-4FC1-B49C-CD1D9DD5179E}.Release|Any CPU.Build.0 = Release|Any CPU
		{2F03D0EC-67EE-4C6C-B483-26E570CF5F72}.Debug|Any CPU.ActiveCfg = Debug|Any CPU
		{2F03D0EC-67EE-4C6C-B483-26E570CF5F72}.Debug|Any CPU.Build.0 = Debug|Any CPU
		{2F03D0EC-67EE-4C6C-B483-26E570CF5F72}.Release|Any CPU.ActiveCfg = Release|Any CPU
		{2F03D0EC-67EE-4C6C-B483-26E570CF5F72}.Release|Any CPU.Build.0 = Release|Any CPU
		{92696A03-404A-4E05-B88A-1B288AD837C9}.Debug|Any CPU.ActiveCfg = Debug|Any CPU
		{92696A03-404A-4E05-B88A-1B288AD837C9}.Debug|Any CPU.Build.0 = Debug|Any CPU
		{92696A03-404A-4E05-B88A-1B288AD837C9}.Release|Any CPU.ActiveCfg = Release|Any CPU
		{92696A03-404A-4E05-B88A-1B288AD837C9}.Release|Any CPU.Build.0 = Release|Any CPU
		{B1BEB797-5407-49D4-9F99-0711D8089BD8}.Debug|Any CPU.ActiveCfg = Debug|Any CPU
		{B1BEB797-5407-49D4-9F99-0711D8089BD8}.Debug|Any CPU.Build.0 = Debug|Any CPU
		{B1BEB797-5407-49D4-9F99-0711D8089BD8}.Release|Any CPU.ActiveCfg = Release|Any CPU
		{B1BEB797-5407-49D4-9F99-0711D8089BD8}.Release|Any CPU.Build.0 = Release|Any CPU
		{14557B4C-95A2-4166-A26A-23470715189A}.Debug|Any CPU.ActiveCfg = Debug|Any CPU
		{14557B4C-95A2-4166-A26A-23470715189A}.Debug|Any CPU.Build.0 = Debug|Any CPU
		{14557B4C-95A2-4166-A26A-23470715189A}.Release|Any CPU.ActiveCfg = Release|Any CPU
		{14557B4C-95A2-4166-A26A-23470715189A}.Release|Any CPU.Build.0 = Release|Any CPU
		{3B1B18FC-7C91-41F6-8310-0C0949B056AF}.Debug|Any CPU.ActiveCfg = Debug|Any CPU
		{3B1B18FC-7C91-41F6-8310-0C0949B056AF}.Debug|Any CPU.Build.0 = Debug|Any CPU
		{3B1B18FC-7C91-41F6-8310-0C0949B056AF}.Release|Any CPU.ActiveCfg = Release|Any CPU
		{3B1B18FC-7C91-41F6-8310-0C0949B056AF}.Release|Any CPU.Build.0 = Release|Any CPU
		{7DB7438F-E835-4760-A133-D18B9AF9FD60}.Debug|Any CPU.ActiveCfg = Debug|Any CPU
		{7DB7438F-E835-4760-A133-D18B9AF9FD60}.Debug|Any CPU.Build.0 = Debug|Any CPU
		{7DB7438F-E835-4760-A133-D18B9AF9FD60}.Release|Any CPU.ActiveCfg = Release|Any CPU
		{7DB7438F-E835-4760-A133-D18B9AF9FD60}.Release|Any CPU.Build.0 = Release|Any CPU
		{5302D79C-B544-4094-BC5F-D1394FF4CDFA}.Debug|Any CPU.ActiveCfg = Debug|Any CPU
		{5302D79C-B544-4094-BC5F-D1394FF4CDFA}.Debug|Any CPU.Build.0 = Debug|Any CPU
		{5302D79C-B544-4094-BC5F-D1394FF4CDFA}.Release|Any CPU.ActiveCfg = Release|Any CPU
		{5302D79C-B544-4094-BC5F-D1394FF4CDFA}.Release|Any CPU.Build.0 = Release|Any CPU
		{9EB7E582-B348-48BB-A336-3935CC445FAF}.Debug|Any CPU.ActiveCfg = Debug|Any CPU
		{9EB7E582-B348-48BB-A336-3935CC445FAF}.Debug|Any CPU.Build.0 = Debug|Any CPU
		{9EB7E582-B348-48BB-A336-3935CC445FAF}.Release|Any CPU.ActiveCfg = Release|Any CPU
		{9EB7E582-B348-48BB-A336-3935CC445FAF}.Release|Any CPU.Build.0 = Release|Any CPU
		{F35B1826-98C0-4752-BF69-FFA8A6A94F97}.Debug|Any CPU.ActiveCfg = Debug|Any CPU
		{F35B1826-98C0-4752-BF69-FFA8A6A94F97}.Debug|Any CPU.Build.0 = Debug|Any CPU
		{F35B1826-98C0-4752-BF69-FFA8A6A94F97}.Release|Any CPU.ActiveCfg = Release|Any CPU
		{F35B1826-98C0-4752-BF69-FFA8A6A94F97}.Release|Any CPU.Build.0 = Release|Any CPU
	EndGlobalSection
	GlobalSection(SolutionProperties) = preSolution
		HideSolutionNode = FALSE
	EndGlobalSection
	GlobalSection(NestedProjects) = preSolution
		{798E77F3-D3C4-4853-9496-48F5761C384C} = {EC378EA8-C6E6-4A17-86FE-9FD29B9CD4B4}
		{B2EFDD91-8F1E-4AE3-ADDA-F38F79E4B3DB} = {EC378EA8-C6E6-4A17-86FE-9FD29B9CD4B4}
		{C733D636-C0E8-479B-8A30-B9E6261AAB0F} = {EC378EA8-C6E6-4A17-86FE-9FD29B9CD4B4}
		{69FEB7EA-AAFF-4597-986C-DFE2CB977107} = {EC378EA8-C6E6-4A17-86FE-9FD29B9CD4B4}
		{6201FD98-6B55-4C4E-A778-4DCBD7D91691} = {EC378EA8-C6E6-4A17-86FE-9FD29B9CD4B4}
		{2F3B6298-488E-4F1D-B82D-A20FA9C16F31} = {6201FD98-6B55-4C4E-A778-4DCBD7D91691}
		{03532484-DA99-4FC1-B49C-CD1D9DD5179E} = {B2EFDD91-8F1E-4AE3-ADDA-F38F79E4B3DB}
		{2F03D0EC-67EE-4C6C-B483-26E570CF5F72} = {B2EFDD91-8F1E-4AE3-ADDA-F38F79E4B3DB}
		{92696A03-404A-4E05-B88A-1B288AD837C9} = {B2EFDD91-8F1E-4AE3-ADDA-F38F79E4B3DB}
		{B1BEB797-5407-49D4-9F99-0711D8089BD8} = {798E77F3-D3C4-4853-9496-48F5761C384C}
		{14557B4C-95A2-4166-A26A-23470715189A} = {798E77F3-D3C4-4853-9496-48F5761C384C}
		{3B1B18FC-7C91-41F6-8310-0C0949B056AF} = {C733D636-C0E8-479B-8A30-B9E6261AAB0F}
		{F35B1826-98C0-4752-BF69-FFA8A6A94F97} = {EC378EA8-C6E6-4A17-86FE-9FD29B9CD4B4}
	EndGlobalSection
	GlobalSection(ExtensibilityGlobals) = postSolution
		SolutionGuid = {1A05367A-7F11-476E-937F-87D76911B983}
	EndGlobalSection
EndGlobal
