
Microsoft Visual Studio Solution File, Format Version 12.00
# Visual Studio Version 16
VisualStudioVersion = 16.0.31424.327
MinimumVisualStudioVersion = 10.0.40219.1
Project("{FAE04EC0-301F-11D3-BF4B-00C04F79EFBC}") = "Odeux", "Odeux.csproj", "{FE4A21AA-A3E0-4189-A442-A19B51EC0827}"
EndProject
Global
	GlobalSection(SolutionConfigurationPlatforms) = preSolution
		Debug|Any CPU = Debug|Any CPU
		Release|Any CPU = Release|Any CPU
	EndGlobalSection
	GlobalSection(ProjectConfigurationPlatforms) = postSolution
		{FE4A21AA-A3E0-4189-A442-A19B51EC0827}.Debug|Any CPU.ActiveCfg = Debug|Any CPU
		{FE4A21AA-A3E0-4189-A442-A19B51EC0827}.Debug|Any CPU.Build.0 = Debug|Any CPU
		{FE4A21AA-A3E0-4189-A442-A19B51EC0827}.Release|Any CPU.ActiveCfg = Release|Any CPU
		{FE4A21AA-A3E0-4189-A442-A19B51EC0827}.Release|Any CPU.Build.0 = Release|Any CPU
	EndGlobalSection
	GlobalSection(SolutionProperties) = preSolution
		HideSolutionNode = FALSE
	EndGlobalSection
	GlobalSection(ExtensibilityGlobals) = postSolution
		SolutionGuid = {1A05367A-7F11-476E-937F-87D76911B983}
	EndGlobalSection
EndGlobal
